Microsoft Visual Studio Solution File, Format Version 12.00
# Visual Studio Version 17
VisualStudioVersion = 17.5.2.0
MinimumVisualStudioVersion = 10.0.40219.1
Project("{FAE04EC0-301F-11D3-BF4B-00C04F79EFBC}") = "AygazSmartEnergy", "AygazSmartEnergy.csproj", "{325A9A94-2535-EDC0-5997-522D47930CE7}"
EndProject
Global
	GlobalSection(SolutionConfigurationPlatforms) = preSolution
		Debug|Any CPU = Debug|Any CPU
		Release|Any CPU = Release|Any CPU
	EndGlobalSection
	GlobalSection(ProjectConfigurationPlatforms) = postSolution
		{325A9A94-2535-EDC0-5997-522D47930CE7}.Debug|Any CPU.ActiveCfg = Debug|Any CPU
		{325A9A94-2535-EDC0-5997-522D47930CE7}.Debug|Any CPU.Build.0 = Debug|Any CPU
		{325A9A94-2535-EDC0-5997-522D47930CE7}.Release|Any CPU.ActiveCfg = Release|Any CPU
		{325A9A94-2535-EDC0-5997-522D47930CE7}.Release|Any CPU.Build.0 = Release|Any CPU
	EndGlobalSection
	GlobalSection(SolutionProperties) = preSolution
		HideSolutionNode = FALSE
	EndGlobalSection
	GlobalSection(ExtensibilityGlobals) = postSolution
		SolutionGuid = {8AB008B5-6794-4EDD-837F-DFD86DF9C6DB}
	EndGlobalSection
EndGlobal
